
Microsoft Visual Studio Solution File, Format Version 12.00
# Visual Studio Version 17
VisualStudioVersion = 17.8.34316.72
MinimumVisualStudioVersion = 10.0.40219.1
Project("{FAE04EC0-301F-11D3-BF4B-00C04F79EFBC}") = "projeto  controles de venda", "projeto  controles de venda.csproj", "{DA6CEA1E-323D-4559-B50C-006F5D4E05EC}"
EndProject
Global
	GlobalSection(SolutionConfigurationPlatforms) = preSolution
		Debug|Any CPU = Debug|Any CPU
		Release|Any CPU = Release|Any CPU
	EndGlobalSection
	GlobalSection(ProjectConfigurationPlatforms) = postSolution
		{DA6CEA1E-323D-4559-B50C-006F5D4E05EC}.Debug|Any CPU.ActiveCfg = Debug|Any CPU
		{DA6CEA1E-323D-4559-B50C-006F5D4E05EC}.Debug|Any CPU.Build.0 = Debug|Any CPU
		{DA6CEA1E-323D-4559-B50C-006F5D4E05EC}.Release|Any CPU.ActiveCfg = Release|Any CPU
		{DA6CEA1E-323D-4559-B50C-006F5D4E05EC}.Release|Any CPU.Build.0 = Release|Any CPU
	EndGlobalSection
	GlobalSection(SolutionProperties) = preSolution
		HideSolutionNode = FALSE
	EndGlobalSection
	GlobalSection(ExtensibilityGlobals) = postSolution
		SolutionGuid = {1E4F2AA5-2267-409F-8A37-233710E69AAF}
	EndGlobalSection
EndGlobal
